Microsoft Visual Studio Solution File, Format Version 12.00
# Visual Studio Version 17
VisualStudioVersion = 17.5.2.0
MinimumVisualStudioVersion = 10.0.40219.1
Project("{2150E333-8FDC-42A3-9474-1A3956D46DE8}") = "generative-ai", "generative-ai", "{CA867FBD-F540-04E3-5311-23CA88CF6252}"
EndProject
Project("{2150E333-8FDC-42A3-9474-1A3956D46DE8}") = "semantic-kernel", "semantic-kernel", "{428C4307-CBB4-6486-2128-E5046D65613B}"
EndProject
Project("{2150E333-8FDC-42A3-9474-1A3956D46DE8}") = "quick-start", "quick-start", "{2E7C8A64-2986-E279-92CD-A7745A8E3C73}"
EndProject
Project("{FAE04EC0-301F-11D3-BF4B-00C04F79EFBC}") = "SKProject", "generative-ai\semantic-kernel\quick-start\SKProject\SKProject.csproj", "{8F57569E-3306-F0E9-2CC0-62A9527A692A}"
EndProject
Global
	GlobalSection(SolutionConfigurationPlatforms) = preSolution
		Debug|Any CPU = Debug|Any CPU
		Release|Any CPU = Release|Any CPU
	EndGlobalSection
	GlobalSection(ProjectConfigurationPlatforms) = postSolution
		{8F57569E-3306-F0E9-2CC0-62A9527A692A}.Debug|Any CPU.ActiveCfg = Debug|Any CPU
		{8F57569E-3306-F0E9-2CC0-62A9527A692A}.Debug|Any CPU.Build.0 = Debug|Any CPU
		{8F57569E-3306-F0E9-2CC0-62A9527A692A}.Release|Any CPU.ActiveCfg = Release|Any CPU
		{8F57569E-3306-F0E9-2CC0-62A9527A692A}.Release|Any CPU.Build.0 = Release|Any CPU
	EndGlobalSection
	GlobalSection(SolutionProperties) = preSolution
		HideSolutionNode = FALSE
	EndGlobalSection
	GlobalSection(NestedProjects) = preSolution
		{428C4307-CBB4-6486-2128-E5046D65613B} = {CA867FBD-F540-04E3-5311-23CA88CF6252}
		{2E7C8A64-2986-E279-92CD-A7745A8E3C73} = {428C4307-CBB4-6486-2128-E5046D65613B}
		{8F57569E-3306-F0E9-2CC0-62A9527A692A} = {2E7C8A64-2986-E279-92CD-A7745A8E3C73}
	EndGlobalSection
	GlobalSection(ExtensibilityGlobals) = postSolution
		SolutionGuid = {F042BD82-EAE6-4C2F-B390-F14599A985D6}
	EndGlobalSection
EndGlobal
